version = 1
revision = 3
requires-python = ">=3.7"
resolution-markers = [
    "python_full_version >= '3.10'",
    "python_full_version == '3.9.*'",
    "python_full_version >= '3.8.1' and python_full_version < '3.9'",
    "python_full_version >= '3.8' and python_full_version < '3.8.1'",
    "python_full_version < '3.8'",
]

[[package]]
name = "football-pred"
version = "0.1.0"
source = { virtual = "." }
dependencies = [
    { name = "returns", version = "0.21.0", source = { registry = "https://pypi.org/simple" }, marker = "python_full_version < '3.8.1'" },
    { name = "returns", version = "0.22.0", source = { registry = "https://pypi.org/simple" }, marker = "python_full_version >= '3.8.1' and python_full_version < '3.9'" },
    { name = "returns", version = "0.23.0", source = { registry = "https://pypi.org/simple" }, marker = "python_full_version == '3.9.*'" },
    { name = "returns", version = "0.26.0", source = { registry = "https://pypi.org/simple" }, marker = "python_full_version >= '3.10'" },
]

[package.dev-dependencies]
dev = [
    { name = "ruff" },
]

[package.metadata]
requires-dist = [{ name = "returns", specifier = ">=0.21.0" }]

[package.metadata.requires-dev]
dev = [{ name = "ruff", specifier = ">=0.15.5" }]

[[package]]
name = "returns"
version = "0.21.0"
source = { registry = "https://pypi.org/simple" }
resolution-markers = [
    "python_full_version >= '3.8' and python_full_version < '3.8.1'",
    "python_full_version < '3.8'",
]
dependencies = [
    { name = "typing-extensions", version = "4.7.1", source = { registry = "https://pypi.org/simple" }, marker = "python_full_version < '3.8'" },
    { name = "typing-extensions", version = "4.13.2", source = { registry = "https://pypi.org/simple" }, marker = "python_full_version >= '3.8' and python_full_version < '3.8.1'" },
]
sdist = { url = "https://files.pythonhosted.org/packages/83/78/26c8623a46e3e53923b8a442b0c81bda630de39d75f67aa47c7f223d8a1a/returns-0.21.0.tar.gz", hash = "sha256:56e743fb6f80bd83f8a0d31cb2d08b1e30f4e70c9ee9a5d89e400c5217166ef5", size = 104721, upload-time = "2023-06-27T15:46:19.828Z" }
wheels = [
    { url = "https://files.pythonhosted.org/packages/c2/23/29d0e51d712b54c60513c4aebd969c9c6a188e0044d6a8940592effb210b/returns-0.21.0-py3-none-any.whl", hash = "sha256:5e90e14e76fc88d029c3c95a420077eab7fec25b3dbee48e6a7b5e06d6c39b97", size = 154533, upload-time = "2023-06-27T15:46:17.357Z" },
]

[[package]]
name = "returns"
version = "0.22.0"
source = { registry = "https://pypi.org/simple" }
resolution-markers = [
    "python_full_version >= '3.8.1' and python_full_version < '3.9'",
]
dependencies = [
    { name = "typing-extensions", version = "4.13.2", source = { registry = "https://pypi.org/simple" }, marker = "python_full_version >= '3.8.1' and python_full_version < '3.9'" },
]
sdist = { url = "https://files.pythonhosted.org/packages/4e/b7/4e6ac3c8f180107619771f3ab57d5a3e7645dc6d393c01ee662d8de98717/returns-0.22.0.tar.gz", hash = "sha256:c7bd85bd1e0041b44fe46c7e2f68fcc76a0546142c876229e395174bcd674f37", size = 105762, upload-time = "2023-08-26T13:41:46.728Z" }
wheels = [
    { url = "https://files.pythonhosted.org/packages/4e/7c/3c1bf4a1eb5c846c3af094dc5c484d55e66b9f7ab7615c8a17f23bcfb52f/returns-0.22.0-py3-none-any.whl", hash = "sha256:d38d6324692eeb29ec4bd698e1b859ec0ac79fb2c17bf0d302f92c8c42ef35c1", size = 155492, upload-time = "2023-08-26T13:41:44.489Z" },
]

[[package]]
name = "returns"
version = "0.23.0"
source = { registry = "https://pypi.org/simple" }
resolution-markers = [
    "python_full_version == '3.9.*'",
]
dependencies = [
    { name = "typing-extensions", version = "4.15.0", source = { registry = "https://pypi.org/simple" }, marker = "python_full_version == '3.9.*'" },
]
sdist = { url = "https://files.pythonhosted.org/packages/52/b4/411f1e4026344f0ccabc5654aee02280ebe8a9783756e53c76437693dc9a/returns-0.23.0.tar.gz", hash = "sha256:27594c28e5fc338e052d27ddf77fe1da82db4472f6d59901e7e9165be35a5256", size = 242563, upload-time = "2024-06-15T09:18:25.581Z" }
wheels = [
    { url = "https://files.pythonhosted.org/packages/9c/cc/ff7046c009c17136f83764f8ff225309b58d364c2ffd5626b5a338bd865a/returns-0.23.0-py3-none-any.whl", hash = "sha256:278aa6168072b24574ad14be32f7123d1b835928473dd40bc506f47c8b25859a", size = 155284, upload-time = "2024-06-15T09:18:22.525Z" },
]

[[package]]
name = "returns"
version = "0.26.0"
source = { registry = "https://pypi.org/simple" }
resolution-markers = [
    "python_full_version >= '3.10'",
]
dependencies = [
    { name = "typing-extensions", version = "4.15.0", source = { registry = "https://pypi.org/simple" }, marker = "python_full_version >= '3.10'" },
]
sdist = { url = "https://files.pythonhosted.org/packages/06/c2/6dda7ef39464568152e35c766a8b49ab1cdb1b03a5891441a7c2fa40dc61/returns-0.26.0.tar.gz", hash = "sha256:180320e0f6e9ea9845330ccfc020f542330f05b7250941d9b9b7c00203fcc3da", size = 105300, upload-time = "2025-07-24T13:11:21.772Z" }
wheels = [
    { url = "https://files.pythonhosted.org/packages/57/4d/a7545bf6c62b0dbe5795f22ea9e88cc070fdced5c34663ebc5bed2f610c0/returns-0.26.0-py3-none-any.whl", hash = "sha256:7cae94c730d6c56ffd9d0f583f7a2c0b32cfe17d141837150c8e6cff3eb30d71", size = 160515, upload-time = "2025-07-24T13:11:20.041Z" },
]

[[package]]
name = "ruff"
version = "0.15.5"
source = { registry = "https://pypi.org/simple" }
sdist = { url = "https://files.pythonhosted.org/packages/77/9b/840e0039e65fcf12758adf684d2289024d6140cde9268cc59887dc55189c/ruff-0.15.5.tar.gz", hash = "sha256:7c3601d3b6d76dce18c5c824fc8d06f4eef33d6df0c21ec7799510cde0f159a2", size = 4574214, upload-time = "2026-03-05T20:06:34.946Z" }
wheels = [
    { url = "https://files.pythonhosted.org/packages/47/20/5369c3ce21588c708bcbe517a8fbe1a8dfdb5dfd5137e14790b1da71612c/ruff-0.15.5-py3-none-linux_armv6l.whl", hash = "sha256:4ae44c42281f42e3b06b988e442d344a5b9b72450ff3c892e30d11b29a96a57c", size = 10478185, upload-time = "2026-03-05T20:06:29.093Z" },
    { url = "https://files.pythonhosted.org/packages/44/ed/e81dd668547da281e5dce710cf0bc60193f8d3d43833e8241d006720e42b/ruff-0.15.5-py3-none-macosx_10_12_x86_64.whl", hash = "sha256:6edd3792d408ebcf61adabc01822da687579a1a023f297618ac27a5b51ef0080", size = 10859201, upload-time = "2026-03-05T20:06:32.632Z" },
    { url = "https://files.pythonhosted.org/packages/c4/8f/533075f00aaf19b07c5cd6aa6e5d89424b06b3b3f4583bfa9c640a079059/ruff-0.15.5-py3-none-macosx_11_0_arm64.whl", hash = "sha256:89f463f7c8205a9f8dea9d658d59eff49db05f88f89cc3047fb1a02d9f344010", size = 10184752, upload-time = "2026-03-05T20:06:40.312Z" },
    { url = "https://files.pythonhosted.org/packages/66/0e/ba49e2c3fa0395b3152bad634c7432f7edfc509c133b8f4529053ff024fb/ruff-0.15.5-py3-none-manylinux_2_17_aarch64.manylinux2014_aarch64.whl", hash = "sha256:ba786a8295c6574c1116704cf0b9e6563de3432ac888d8f83685654fe528fd65", size = 10534857, upload-time = "2026-03-05T20:06:19.581Z" },
    { url = "https://files.pythonhosted.org/packages/59/71/39234440f27a226475a0659561adb0d784b4d247dfe7f43ffc12dd02e288/ruff-0.15.5-py3-none-manylinux_2_17_armv7l.manylinux2014_armv7l.whl", hash = "sha256:fd4b801e57955fe9f02b31d20375ab3a5c4415f2e5105b79fb94cf2642c91440", size = 10309120, upload-time = "2026-03-05T20:06:00.435Z" },
    { url = "https://files.pythonhosted.org/packages/f5/87/4140aa86a93df032156982b726f4952aaec4a883bb98cb6ef73c347da253/ruff-0.15.5-py3-none-manylinux_2_17_i686.manylinux2014_i686.whl", hash = "sha256:391f7c73388f3d8c11b794dbbc2959a5b5afe66642c142a6effa90b45f6f5204", size = 11047428, upload-time = "2026-03-05T20:05:51.867Z" },
    { url = "https://files.pythonhosted.org/packages/5a/f7/4953e7e3287676f78fbe85e3a0ca414c5ca81237b7575bdadc00229ac240/ruff-0.15.5-py3-none-manylinux_2_17_ppc64le.manylinux2014_ppc64le.whl", hash = "sha256:8dc18f30302e379fe1e998548b0f5e9f4dff907f52f73ad6da419ea9c19d66c8", size = 11914251, upload-time = "2026-03-05T20:06:22.887Z" },
    { url = "https://files.pythonhosted.org/packages/77/46/0f7c865c10cf896ccf5a939c3e84e1cfaeed608ff5249584799a74d33835/ruff-0.15.5-py3-none-manylinux_2_17_s390x.manylinux2014_s390x.whl", hash = "sha256:1cc6e7f90087e2d27f98dc34ed1b3ab7c8f0d273cc5431415454e22c0bd2a681", size = 11333801, upload-time = "2026-03-05T20:05:57.168Z" },
    { url = "https://files.pythonhosted.org/packages/d3/01/a10fe54b653061585e655f5286c2662ebddb68831ed3eaebfb0eb08c0a16/ruff-0.15.5-py3-none-manylinux_2_17_x86_64.manylinux2014_x86_64.whl", hash = "sha256:c1cb7169f53c1ddb06e71a9aebd7e98fc0fea936b39afb36d8e86d36ecc2636a", size = 11206821, upload-time = "2026-03-05T20:06:03.441Z" },
    { url = "https://files.pythonhosted.org/packages/7a/0d/2132ceaf20c5e8699aa83da2706ecb5c5dcdf78b453f77edca7fb70f8a93/ruff-0.15.5-py3-none-manylinux_2_31_riscv64.whl", hash = "sha256:9b037924500a31ee17389b5c8c4d88874cc6ea8e42f12e9c61a3d754ff72f1ca", size = 11133326, upload-time = "2026-03-05T20:06:25.655Z" },
    { url = "https://files.pythonhosted.org/packages/72/cb/2e5259a7eb2a0f87c08c0fe5bf5825a1e4b90883a52685524596bfc93072/ruff-0.15.5-py3-none-musllinux_1_2_aarch64.whl", hash = "sha256:65bb414e5b4eadd95a8c1e4804f6772bbe8995889f203a01f77ddf2d790929dd", size = 10510820, upload-time = "2026-03-05T20:06:37.79Z" },
    { url = "https://files.pythonhosted.org/packages/ff/20/b67ce78f9e6c59ffbdb5b4503d0090e749b5f2d31b599b554698a80d861c/ruff-0.15.5-py3-none-musllinux_1_2_armv7l.whl", hash = "sha256:d20aa469ae3b57033519c559e9bc9cd9e782842e39be05b50e852c7c981fa01d", size = 10302395, upload-time = "2026-03-05T20:05:54.504Z" },
    { url = "https://files.pythonhosted.org/packages/5f/e5/719f1acccd31b720d477751558ed74e9c88134adcc377e5e886af89d3072/ruff-0.15.5-py3-none-musllinux_1_2_i686.whl", hash = "sha256:15388dd28c9161cdb8eda68993533acc870aa4e646a0a277aa166de9ad5a8752", size = 10754069, upload-time = "2026-03-05T20:06:06.422Z" },
    { url = "https://files.pythonhosted.org/packages/c3/9c/d1db14469e32d98f3ca27079dbd30b7b44dbb5317d06ab36718dee3baf03/ruff-0.15.5-py3-none-musllinux_1_2_x86_64.whl", hash = "sha256:b30da330cbd03bed0c21420b6b953158f60c74c54c5f4c1dabbdf3a57bf355d2", size = 11304315, upload-time = "2026-03-05T20:06:10.867Z" },
    { url = "https://files.pythonhosted.org/packages/28/3a/950367aee7c69027f4f422059227b290ed780366b6aecee5de5039d50fa8/ruff-0.15.5-py3-none-win32.whl", hash = "sha256:732e5ee1f98ba5b3679029989a06ca39a950cced52143a0ea82a2102cb592b74", size = 10551676, upload-time = "2026-03-05T20:06:13.705Z" },
    { url = "https://files.pythonhosted.org/packages/b8/00/bf077a505b4e649bdd3c47ff8ec967735ce2544c8e4a43aba42ee9bf935d/ruff-0.15.5-py3-none-win_amd64.whl", hash = "sha256:821d41c5fa9e19117616c35eaa3f4b75046ec76c65e7ae20a333e9a8696bc7fe", size = 11678972, upload-time = "2026-03-05T20:06:45.379Z" },
    { url = "https://files.pythonhosted.org/packages/fe/4e/cd76eca6db6115604b7626668e891c9dd03330384082e33662fb0f113614/ruff-0.15.5-py3-none-win_arm64.whl", hash = "sha256:b498d1c60d2fe5c10c45ec3f698901065772730b411f164ae270bb6bfcc4740b", size = 10965572, upload-time = "2026-03-05T20:06:16.984Z" },
]

[[package]]
name = "typing-extensions"
version = "4.7.1"
source = { registry = "https://pypi.org/simple" }
resolution-markers = [
    "python_full_version < '3.8'",
]
sdist = { url = "https://files.pythonhosted.org/packages/3c/8b/0111dd7d6c1478bf83baa1cab85c686426c7a6274119aceb2bd9d35395ad/typing_extensions-4.7.1.tar.gz", hash = "sha256:b75ddc264f0ba5615db7ba217daeb99701ad295353c45f9e95963337ceeeffb2", size = 72876, upload-time = "2023-07-02T14:20:55.045Z" }
wheels = [
    { url = "https://files.pythonhosted.org/packages/ec/6b/63cc3df74987c36fe26157ee12e09e8f9db4de771e0f3404263117e75b95/typing_extensions-4.7.1-py3-none-any.whl", hash = "sha256:440d5dd3af93b060174bf433bccd69b0babc3b15b1a8dca43789fd7f61514b36", size = 33232, upload-time = "2023-07-02T14:20:53.275Z" },
]

[[package]]
name = "typing-extensions"
version = "4.13.2"
source = { registry = "https://pypi.org/simple" }
resolution-markers = [
    "python_full_version >= '3.8.1' and python_full_version < '3.9'",
    "python_full_version >= '3.8' and python_full_version < '3.8.1'",
]
sdist = { url = "https://files.pythonhosted.org/packages/f6/37/23083fcd6e35492953e8d2aaaa68b860eb422b34627b13f2ce3eb6106061/typing_extensions-4.13.2.tar.gz", hash = "sha256:e6c81219bd689f51865d9e372991c540bda33a0379d5573cddb9a3a23f7caaef", size = 106967, upload-time = "2025-04-10T14:19:05.416Z" }
wheels = [
    { url = "https://files.pythonhosted.org/packages/8b/54/b1ae86c0973cc6f0210b53d508ca3641fb6d0c56823f288d108bc7ab3cc8/typing_extensions-4.13.2-py3-none-any.whl", hash = "sha256:a439e7c04b49fec3e5d3e2beaa21755cadbbdc391694e28ccdd36ca4a1408f8c", size = 45806, upload-time = "2025-04-10T14:19:03.967Z" },
]

[[package]]
name = "typing-extensions"
version = "4.15.0"
source = { registry = "https://pypi.org/simple" }
resolution-markers = [
    "python_full_version >= '3.10'",
    "python_full_version == '3.9.*'",
]
sdist = { url = "https://files.pythonhosted.org/packages/72/94/1a15dd82efb362ac84269196e94cf00f187f7ed21c242792a923cdb1c61f/typing_extensions-4.15.0.tar.gz", hash = "sha256:0cea48d173cc12fa28ecabc3b837ea3cf6f38c6d1136f85cbaaf598984861466", size = 109391, upload-time = "2025-08-25T13:49:26.313Z" }
wheels = [
    { url = "https://files.pythonhosted.org/packages/18/67/36e9267722cc04a6b9f15c7f3441c2363321a3ea07da7ae0c0707beb2a9c/typing_extensions-4.15.0-py3-none-any.whl", hash = "sha256:f0fa19c6845758ab08074a0cfa8b7aecb71c999ca73d62883bc25cc018c4e548", size = 44614, upload-time = "2025-08-25T13:49:24.86Z" },
]
